
Microsoft Visual Studio Solution File, Format Version 10.00
# Visual C++ Express 2008
Project("{8BC9CEB8-8B4A-11D0-8D11-00A0C91BC942}") = "it_player", "it_player.vcproj", "{F22F0B40-A6B9-4302-9917-6AE5E7235E78}"
EndProject
Global
	GlobalSection(SolutionConfigurationPlatforms) = preSolution
		Debug|Win32 = Debug|Win32
		Release|Win32 = Release|Win32
	EndGlobalSection
	GlobalSection(ProjectConfigurationPlatforms) = postSolution
		{F22F0B40-A6B9-4302-9917-6AE5E7235E78}.Debug|Win32.ActiveCfg = Debug|Win32
		{F22F0B40-A6B9-4302-9917-6AE5E7235E78}.Debug|Win32.Build.0 = Debug|Win32
		{F22F0B40-A6B9-4302-9917-6AE5E7235E78}.Release|Win32.ActiveCfg = Release|Win32
		{F22F0B40-A6B9-4302-9917-6AE5E7235E78}.Release|Win32.Build.0 = Release|Win32
	EndGlobalSection
	GlobalSection(SolutionProperties) = preSolution
		HideSolutionNode = FALSE
	EndGlobalSection
EndGlobal
